{
  "name": "LegalAI-RAG-Contract-Advisor",
  "lockfileVersion": 2,
  "requires": true,
  "packages": {
    "": {
      "dependencies": {
        "@headlessui/react": "^2.1.1",
        "@heroicons/react": "^2.1.4"
      }
    },
    "node_modules/@floating-ui/core": {
      "version": "1.6.4",
      "resolved": "https://registry.npmjs.org/@floating-ui/core/-/core-1.6.4.tgz",
      "integrity": "sha512-a4IowK4QkXl4SCWTGUR0INAfEOX3wtsYw3rKK5InQEHMGObkR8Xk44qYQD9P4r6HHw0iIfK6GUKECmY8sTkqRA==",
      "dependencies": {
        "@floating-ui/utils": "^0.2.4"
      }
    },
    "node_modules/@floating-ui/dom": {
      "version": "1.6.7",
      "resolved": "https://registry.npmjs.org/@floating-ui/dom/-/dom-1.6.7.tgz",
      "integrity": "sha512-wmVfPG5o2xnKDU4jx/m4w5qva9FWHcnZ8BvzEe90D/RpwsJaTAVYPEPdQ8sbr/N8zZTAHlZUTQdqg8ZUbzHmng==",
      "dependencies": {
        "@floating-ui/core": "^1.6.0",
        "@floating-ui/utils": "^0.2.4"
      }
    },
    "node_modules/@floating-ui/react": {
      "version": "0.26.19",
      "resolved": "https://registry.npmjs.org/@floating-ui/react/-/react-0.26.19.tgz",
      "integrity": "sha512-Jk6zITdjjIvjO/VdQFvpRaD3qPwOHH6AoDHxjhpy+oK4KFgaSP871HYWUAPdnLmx1gQ+w/pB312co3tVml+BXA==",
      "dependencies": {
        "@floating-ui/react-dom": "^2.1.1",
        "@floating-ui/utils": "^0.2.4",
        "tabbable": "^6.0.0"
      },
      "peerDependencies": {
        "react": ">=16.8.0",
        "react-dom": ">=16.8.0"
      }
    },
    "node_modules/@floating-ui/react-dom": {
      "version": "2.1.1",
      "resolved": "https://registry.npmjs.org/@floating-ui/react-dom/-/react-dom-2.1.1.tgz",
      "integrity": "sha512-4h84MJt3CHrtG18mGsXuLCHMrug49d7DFkU0RMIyshRveBeyV2hmV/pDaF2Uxtu8kgq5r46llp5E5FQiR0K2Yg==",
      "dependencies": {
        "@floating-ui/dom": "^1.0.0"
      },
      "peerDependencies": {
        "react": ">=16.8.0",
        "react-dom": ">=16.8.0"
      }
    },
    "node_modules/@floating-ui/utils": {
      "version": "0.2.4",
      "resolved": "https://registry.npmjs.org/@floating-ui/utils/-/utils-0.2.4.tgz",
      "integrity": "sha512-dWO2pw8hhi+WrXq1YJy2yCuWoL20PddgGaqTgVe4cOS9Q6qklXCiA1tJEqX6BEwRNSCP84/afac9hd4MS+zEUA=="
    },
    "node_modules/@headlessui/react": {
      "version": "2.1.1",
      "resolved": "https://registry.npmjs.org/@headlessui/react/-/react-2.1.1.tgz",
      "integrity": "sha512-808gVNUbRDbDR3GMNPHy+ON0uvR8b9H7IA+Q2UbhOsNCIjgwuwb2Iuv8VPT/1AW0UzLX8g10tN6LhF15GaUJCQ==",
      "dependencies": {
        "@floating-ui/react": "^0.26.16",
        "@react-aria/focus": "^3.17.1",
        "@react-aria/interactions": "^3.21.3",
        "@tanstack/react-virtual": "3.5.0"
      },
      "engines": {
        "node": ">=10"
      },
      "peerDependencies": {
        "react": "^18",
        "react-dom": "^18"
      }
    },
    "node_modules/@heroicons/react": {
      "version": "2.1.4",
      "resolved": "https://registry.npmjs.org/@heroicons/react/-/react-2.1.4.tgz",
      "integrity": "sha512-ju0wj0wwrUTMQ2Yceyrma7TKuI3BpSjp+qKqV81K9KGcUHdvTMdiwfRc2cwXBp3uXtKuDZkh0v03nWOQnJFv2Q==",
      "peerDependencies": {
        "react": ">= 16"
      }
    },
    "node_modules/@react-aria/focus": {
      "version": "3.17.1",
      "resolved": "https://registry.npmjs.org/@react-aria/focus/-/focus-3.17.1.tgz",
      "integrity": "sha512-FLTySoSNqX++u0nWZJPPN5etXY0WBxaIe/YuL/GTEeuqUIuC/2bJSaw5hlsM6T2yjy6Y/VAxBcKSdAFUlU6njQ==",
      "dependencies": {
        "@react-aria/interactions": "^3.21.3",
        "@react-aria/utils": "^3.24.1",
        "@react-types/shared": "^3.23.1",
        "@swc/helpers": "^0.5.0",
        "clsx": "^2.0.0"
      },
      "peerDependencies": {
        "react": "^16.8.0 || ^17.0.0-rc.1 || ^18.0.0"
      }
    },
    "node_modules/@react-aria/interactions": {
      "version": "3.21.3",
      "resolved": "https://registry.npmjs.org/@react-aria/interactions/-/interactions-3.21.3.tgz",
      "integrity": "sha512-BWIuf4qCs5FreDJ9AguawLVS0lV9UU+sK4CCnbCNNmYqOWY+1+gRXCsnOM32K+oMESBxilAjdHW5n1hsMqYMpA==",
      "dependencies": {
        "@react-aria/ssr": "^3.9.4",
        "@react-aria/utils": "^3.24.1",
        "@react-types/shared": "^3.23.1",
        "@swc/helpers": "^0.5.0"
      },
      "peerDependencies": {
        "react": "^16.8.0 || ^17.0.0-rc.1 || ^18.0.0"
      }
    },
    "node_modules/@react-aria/ssr": {
      "version": "3.9.4",
      "resolved": "https://registry.npmjs.org/@react-aria/ssr/-/ssr-3.9.4.tgz",
      "integrity": "sha512-4jmAigVq409qcJvQyuorsmBR4+9r3+JEC60wC+Y0MZV0HCtTmm8D9guYXlJMdx0SSkgj0hHAyFm/HvPNFofCoQ==",
      "dependencies": {
        "@swc/helpers": "^0.5.0"
      },
      "engines": {
        "node": ">= 12"
      },
      "peerDependencies": {
        "react": "^16.8.0 || ^17.0.0-rc.1 || ^18.0.0"
      }
    },
    "node_modules/@react-aria/utils": {
      "version": "3.24.1",
      "resolved": "https://registry.npmjs.org/@react-aria/utils/-/utils-3.24.1.tgz",
      "integrity": "sha512-O3s9qhPMd6n42x9sKeJ3lhu5V1Tlnzhu6Yk8QOvDuXf7UGuUjXf9mzfHJt1dYzID4l9Fwm8toczBzPM9t0jc8Q==",
      "dependencies": {
        "@react-aria/ssr": "^3.9.4",
        "@react-stately/utils": "^3.10.1",
        "@react-types/shared": "^3.23.1",
        "@swc/helpers": "^0.5.0",
        "clsx": "^2.0.0"
      },
      "peerDependencies": {
        "react": "^16.8.0 || ^17.0.0-rc.1 || ^18.0.0"
      }
    },
    "node_modules/@react-stately/utils": {
      "version": "3.10.1",
      "resolved": "https://registry.npmjs.org/@react-stately/utils/-/utils-3.10.1.tgz",
      "integrity": "sha512-VS/EHRyicef25zDZcM/ClpzYMC5i2YGN6uegOeQawmgfGjb02yaCX0F0zR69Pod9m2Hr3wunTbtpgVXvYbZItg==",
      "dependencies": {
        "@swc/helpers": "^0.5.0"
      },
      "peerDependencies": {
        "react": "^16.8.0 || ^17.0.0-rc.1 || ^18.0.0"
      }
    },
    "node_modules/@react-types/shared": {
      "version": "3.23.1",
      "resolved": "https://registry.npmjs.org/@react-types/shared/-/shared-3.23.1.tgz",
      "integrity": "sha512-5d+3HbFDxGZjhbMBeFHRQhexMFt4pUce3okyRtUVKbbedQFUrtXSBg9VszgF2RTeQDKDkMCIQDtz5ccP/Lk1gw==",
      "peerDependencies": {
        "react": "^16.8.0 || ^17.0.0-rc.1 || ^18.0.0"
      }
    },
    "node_modules/@swc/helpers": {
      "version": "0.5.11",
      "resolved": "https://registry.npmjs.org/@swc/helpers/-/helpers-0.5.11.tgz",
      "integrity": "sha512-YNlnKRWF2sVojTpIyzwou9XoTNbzbzONwRhOoniEioF1AtaitTvVZblaQRrAzChWQ1bLYyYSWzM18y4WwgzJ+A==",
      "dependencies": {
        "tslib": "^2.4.0"
      }
    },
    "node_modules/@tanstack/react-virtual": {
      "version": "3.5.0",
      "resolved": "https://registry.npmjs.org/@tanstack/react-virtual/-/react-virtual-3.5.0.tgz",
      "integrity": "sha512-rtvo7KwuIvqK9zb0VZ5IL7fiJAEnG+0EiFZz8FUOs+2mhGqdGmjKIaT1XU7Zq0eFqL0jonLlhbayJI/J2SA/Bw==",
      "dependencies": {
        "@tanstack/virtual-core": "3.5.0"
      },
      "funding": {
        "type": "github",
        "url": "https://github.com/sponsors/tannerlinsley"
      },
      "peerDependencies": {
        "react": "^16.8.0 || ^17.0.0 || ^18.0.0",
        "react-dom": "^16.8.0 || ^17.0.0 || ^18.0.0"
      }
    },
    "node_modules/@tanstack/virtual-core": {
      "version": "3.5.0",
      "resolved": "https://registry.npmjs.org/@tanstack/virtual-core/-/virtual-core-3.5.0.tgz",
      "integrity": "sha512-KnPRCkQTyqhanNC0K63GBG3wA8I+D1fQuVnAvcBF8f13akOKeQp1gSbu6f77zCxhEk727iV5oQnbHLYzHrECLg==",
      "funding": {
        "type": "github",
        "url": "https://github.com/sponsors/tannerlinsley"
      }
    },
    "node_modules/clsx": {
      "version": "2.1.1",
      "resolved": "https://registry.npmjs.org/clsx/-/clsx-2.1.1.tgz",
      "integrity": "sha512-eYm0QWBtUrBWZWG0d386OGAw16Z995PiOVo2B7bjWSbHedGl5e0ZWaq65kOGgUSNesEIDkB9ISbTg/JK9dhCZA==",
      "engines": {
        "node": ">=6"
      }
    },
    "node_modules/js-tokens": {
      "version": "4.0.0",
      "resolved": "https://registry.npmjs.org/js-tokens/-/js-tokens-4.0.0.tgz",
      "integrity": "sha512-RdJUflcE3cUzKiMqQgsCu06FPu9UdIJO0beYbPhHN4k6apgJtifcoCtT9bcxOpYBtpD2kCM6Sbzg4CausW/PKQ==",
      "peer": true
    },
    "node_modules/loose-envify": {
      "version": "1.4.0",
      "resolved": "https://registry.npmjs.org/loose-envify/-/loose-envify-1.4.0.tgz",
      "integrity": "sha512-lyuxPGr/Wfhrlem2CL/UcnUc1zcqKAImBDzukY7Y5F/yQiNdko6+fRLevlw1HgMySw7f611UIY408EtxRSoK3Q==",
      "peer": true,
      "dependencies": {
        "js-tokens": "^3.0.0 || ^4.0.0"
      },
      "bin": {
        "loose-envify": "cli.js"
      }
    },
    "node_modules/react": {
      "version": "18.3.1",
      "resolved": "https://registry.npmjs.org/react/-/react-18.3.1.tgz",
      "integrity": "sha512-wS+hAgJShR0KhEvPJArfuPVN1+Hz1t0Y6n5jLrGQbkb4urgPE/0Rve+1kMB1v/oWgHgm4WIcV+i7F2pTVj+2iQ==",
      "peer": true,
      "dependencies": {
        "loose-envify": "^1.1.0"
      },
      "engines": {
        "node": ">=0.10.0"
      }
    },
    "node_modules/react-dom": {
      "version": "18.3.1",
      "resolved": "https://registry.npmjs.org/react-dom/-/react-dom-18.3.1.tgz",
      "integrity": "sha512-5m4nQKp+rZRb09LNH59GM4BxTh9251/ylbKIbpe7TpGxfJ+9kv6BLkLBXIjjspbgbnIBNqlI23tRnTWT0snUIw==",
      "peer": true,
      "dependencies": {
        "loose-envify": "^1.1.0",
        "scheduler": "^0.23.2"
      },
      "peerDependencies": {
        "react": "^18.3.1"
      }
    },
    "node_modules/scheduler": {
      "version": "0.23.2",
      "resolved": "https://registry.npmjs.org/scheduler/-/scheduler-0.23.2.tgz",
      "integrity": "sha512-UOShsPwz7NrMUqhR6t0hWjFduvOzbtv7toDH1/hIrfRNIDBnnBWd0CwJTGvTpngVlmwGCdP9/Zl/tVrDqcuYzQ==",
      "peer": true,
      "dependencies": {
        "loose-envify": "^1.1.0"
      }
    },
    "node_modules/tabbable": {
      "version": "6.2.0",
      "resolved": "https://registry.npmjs.org/tabbable/-/tabbable-6.2.0.tgz",
      "integrity": "sha512-Cat63mxsVJlzYvN51JmVXIgNoUokrIaT2zLclCXjRd8boZ0004U4KCs/sToJ75C6sdlByWxpYnb5Boif1VSFew=="
    },
    "node_modules/tslib": {
      "version": "2.6.3",
      "resolved": "https://registry.npmjs.org/tslib/-/tslib-2.6.3.tgz",
      "integrity": "sha512-xNvxJEOUiWPGhUuUdQgAJPKOOJfGnIyKySOc09XkKsgdUV/3E2zvwZYdejjmRgPCgcym1juLH3226yA7sEFJKQ=="
    }
  },
  "dependencies": {
    "@floating-ui/core": {
      "version": "1.6.4",
      "resolved": "https://registry.npmjs.org/@floating-ui/core/-/core-1.6.4.tgz",
      "integrity": "sha512-a4IowK4QkXl4SCWTGUR0INAfEOX3wtsYw3rKK5InQEHMGObkR8Xk44qYQD9P4r6HHw0iIfK6GUKECmY8sTkqRA==",
      "requires": {
        "@floating-ui/utils": "^0.2.4"
      }
    },
    "@floating-ui/dom": {
      "version": "1.6.7",
      "resolved": "https://registry.npmjs.org/@floating-ui/dom/-/dom-1.6.7.tgz",
      "integrity": "sha512-wmVfPG5o2xnKDU4jx/m4w5qva9FWHcnZ8BvzEe90D/RpwsJaTAVYPEPdQ8sbr/N8zZTAHlZUTQdqg8ZUbzHmng==",
      "requires": {
        "@floating-ui/core": "^1.6.0",
        "@floating-ui/utils": "^0.2.4"
      }
    },
    "@floating-ui/react": {
      "version": "0.26.19",
      "resolved": "https://registry.npmjs.org/@floating-ui/react/-/react-0.26.19.tgz",
      "integrity": "sha512-Jk6zITdjjIvjO/VdQFvpRaD3qPwOHH6AoDHxjhpy+oK4KFgaSP871HYWUAPdnLmx1gQ+w/pB312co3tVml+BXA==",
      "requires": {
        "@floating-ui/react-dom": "^2.1.1",
        "@floating-ui/utils": "^0.2.4",
        "tabbable": "^6.0.0"
      }
    },
    "@floating-ui/react-dom": {
      "version": "2.1.1",
      "resolved": "https://registry.npmjs.org/@floating-ui/react-dom/-/react-dom-2.1.1.tgz",
      "integrity": "sha512-4h84MJt3CHrtG18mGsXuLCHMrug49d7DFkU0RMIyshRveBeyV2hmV/pDaF2Uxtu8kgq5r46llp5E5FQiR0K2Yg==",
      "requires": {
        "@floating-ui/dom": "^1.0.0"
      }
    },
    "@floating-ui/utils": {
      "version": "0.2.4",
      "resolved": "https://registry.npmjs.org/@floating-ui/utils/-/utils-0.2.4.tgz",
      "integrity": "sha512-dWO2pw8hhi+WrXq1YJy2yCuWoL20PddgGaqTgVe4cOS9Q6qklXCiA1tJEqX6BEwRNSCP84/afac9hd4MS+zEUA=="
    },
    "@headlessui/react": {
      "version": "2.1.1",
      "resolved": "https://registry.npmjs.org/@headlessui/react/-/react-2.1.1.tgz",
      "integrity": "sha512-808gVNUbRDbDR3GMNPHy+ON0uvR8b9H7IA+Q2UbhOsNCIjgwuwb2Iuv8VPT/1AW0UzLX8g10tN6LhF15GaUJCQ==",
      "requires": {
        "@floating-ui/react": "^0.26.16",
        "@react-aria/focus": "^3.17.1",
        "@react-aria/interactions": "^3.21.3",
        "@tanstack/react-virtual": "3.5.0"
      }
    },
    "@heroicons/react": {
      "version": "2.1.4",
      "resolved": "https://registry.npmjs.org/@heroicons/react/-/react-2.1.4.tgz",
      "integrity": "sha512-ju0wj0wwrUTMQ2Yceyrma7TKuI3BpSjp+qKqV81K9KGcUHdvTMdiwfRc2cwXBp3uXtKuDZkh0v03nWOQnJFv2Q==",
      "requires": {}
    },
    "@react-aria/focus": {
      "version": "3.17.1",
      "resolved": "https://registry.npmjs.org/@react-aria/focus/-/focus-3.17.1.tgz",
      "integrity": "sha512-FLTySoSNqX++u0nWZJPPN5etXY0WBxaIe/YuL/GTEeuqUIuC/2bJSaw5hlsM6T2yjy6Y/VAxBcKSdAFUlU6njQ==",
      "requires": {
        "@react-aria/interactions": "^3.21.3",
        "@react-aria/utils": "^3.24.1",
        "@react-types/shared": "^3.23.1",
        "@swc/helpers": "^0.5.0",
        "clsx": "^2.0.0"
      }
    },
    "@react-aria/interactions": {
      "version": "3.21.3",
      "resolved": "https://registry.npmjs.org/@react-aria/interactions/-/interactions-3.21.3.tgz",
      "integrity": "sha512-BWIuf4qCs5FreDJ9AguawLVS0lV9UU+sK4CCnbCNNmYqOWY+1+gRXCsnOM32K+oMESBxilAjdHW5n1hsMqYMpA==",
      "requires": {
        "@react-aria/ssr": "^3.9.4",
        "@react-aria/utils": "^3.24.1",
        "@react-types/shared": "^3.23.1",
        "@swc/helpers": "^0.5.0"
      }
    },
    "@react-aria/ssr": {
      "version": "3.9.4",
      "resolved": "https://registry.npmjs.org/@react-aria/ssr/-/ssr-3.9.4.tgz",
      "integrity": "sha512-4jmAigVq409qcJvQyuorsmBR4+9r3+JEC60wC+Y0MZV0HCtTmm8D9guYXlJMdx0SSkgj0hHAyFm/HvPNFofCoQ==",
      "requires": {
        "@swc/helpers": "^0.5.0"
      }
    },
    "@react-aria/utils": {
      "version": "3.24.1",
      "resolved": "https://registry.npmjs.org/@react-aria/utils/-/utils-3.24.1.tgz",
      "integrity": "sha512-O3s9qhPMd6n42x9sKeJ3lhu5V1Tlnzhu6Yk8QOvDuXf7UGuUjXf9mzfHJt1dYzID4l9Fwm8toczBzPM9t0jc8Q==",
      "requires": {
        "@react-aria/ssr": "^3.9.4",
        "@react-stately/utils": "^3.10.1",
        "@react-types/shared": "^3.23.1",
        "@swc/helpers": "^0.5.0",
        "clsx": "^2.0.0"
      }
    },
    "@react-stately/utils": {
      "version": "3.10.1",
      "resolved": "https://registry.npmjs.org/@react-stately/utils/-/utils-3.10.1.tgz",
      "integrity": "sha512-VS/EHRyicef25zDZcM/ClpzYMC5i2YGN6uegOeQawmgfGjb02yaCX0F0zR69Pod9m2Hr3wunTbtpgVXvYbZItg==",
      "requires": {
        "@swc/helpers": "^0.5.0"
      }
    },
    "@react-types/shared": {
      "version": "3.23.1",
      "resolved": "https://registry.npmjs.org/@react-types/shared/-/shared-3.23.1.tgz",
      "integrity": "sha512-5d+3HbFDxGZjhbMBeFHRQhexMFt4pUce3okyRtUVKbbedQFUrtXSBg9VszgF2RTeQDKDkMCIQDtz5ccP/Lk1gw==",
      "requires": {}
    },
    "@swc/helpers": {
      "version": "0.5.11",
      "resolved": "https://registry.npmjs.org/@swc/helpers/-/helpers-0.5.11.tgz",
      "integrity": "sha512-YNlnKRWF2sVojTpIyzwou9XoTNbzbzONwRhOoniEioF1AtaitTvVZblaQRrAzChWQ1bLYyYSWzM18y4WwgzJ+A==",
      "requires": {
        "tslib": "^2.4.0"
      }
    },
    "@tanstack/react-virtual": {
      "version": "3.5.0",
      "resolved": "https://registry.npmjs.org/@tanstack/react-virtual/-/react-virtual-3.5.0.tgz",
      "integrity": "sha512-rtvo7KwuIvqK9zb0VZ5IL7fiJAEnG+0EiFZz8FUOs+2mhGqdGmjKIaT1XU7Zq0eFqL0jonLlhbayJI/J2SA/Bw==",
      "requires": {
        "@tanstack/virtual-core": "3.5.0"
      }
    },
    "@tanstack/virtual-core": {
      "version": "3.5.0",
      "resolved": "https://registry.npmjs.org/@tanstack/virtual-core/-/virtual-core-3.5.0.tgz",
      "integrity": "sha512-KnPRCkQTyqhanNC0K63GBG3wA8I+D1fQuVnAvcBF8f13akOKeQp1gSbu6f77zCxhEk727iV5oQnbHLYzHrECLg=="
    },
    "clsx": {
      "version": "2.1.1",
      "resolved": "https://registry.npmjs.org/clsx/-/clsx-2.1.1.tgz",
      "integrity": "sha512-eYm0QWBtUrBWZWG0d386OGAw16Z995PiOVo2B7bjWSbHedGl5e0ZWaq65kOGgUSNesEIDkB9ISbTg/JK9dhCZA=="
    },
    "js-tokens": {
      "version": "4.0.0",
      "resolved": "https://registry.npmjs.org/js-tokens/-/js-tokens-4.0.0.tgz",
      "integrity": "sha512-RdJUflcE3cUzKiMqQgsCu06FPu9UdIJO0beYbPhHN4k6apgJtifcoCtT9bcxOpYBtpD2kCM6Sbzg4CausW/PKQ==",
      "peer": true
    },
    "loose-envify": {
      "version": "1.4.0",
      "resolved": "https://registry.npmjs.org/loose-envify/-/loose-envify-1.4.0.tgz",
      "integrity": "sha512-lyuxPGr/Wfhrlem2CL/UcnUc1zcqKAImBDzukY7Y5F/yQiNdko6+fRLevlw1HgMySw7f611UIY408EtxRSoK3Q==",
      "peer": true,
      "requires": {
        "js-tokens": "^3.0.0 || ^4.0.0"
      }
    },
    "react": {
      "version": "18.3.1",
      "resolved": "https://registry.npmjs.org/react/-/react-18.3.1.tgz",
      "integrity": "sha512-wS+hAgJShR0KhEvPJArfuPVN1+Hz1t0Y6n5jLrGQbkb4urgPE/0Rve+1kMB1v/oWgHgm4WIcV+i7F2pTVj+2iQ==",
      "peer": true,
      "requires": {
        "loose-envify": "^1.1.0"
      }
    },
    "react-dom": {
      "version": "18.3.1",
      "resolved": "https://registry.npmjs.org/react-dom/-/react-dom-18.3.1.tgz",
      "integrity": "sha512-5m4nQKp+rZRb09LNH59GM4BxTh9251/ylbKIbpe7TpGxfJ+9kv6BLkLBXIjjspbgbnIBNqlI23tRnTWT0snUIw==",
      "peer": true,
      "requires": {
        "loose-envify": "^1.1.0",
        "scheduler": "^0.23.2"
      }
    },
    "scheduler": {
      "version": "0.23.2",
      "resolved": "https://registry.npmjs.org/scheduler/-/scheduler-0.23.2.tgz",
      "integrity": "sha512-UOShsPwz7NrMUqhR6t0hWjFduvOzbtv7toDH1/hIrfRNIDBnnBWd0CwJTGvTpngVlmwGCdP9/Zl/tVrDqcuYzQ==",
      "peer": true,
      "requires": {
        "loose-envify": "^1.1.0"
      }
    },
    "tabbable": {
      "version": "6.2.0",
      "resolved": "https://registry.npmjs.org/tabbable/-/tabbable-6.2.0.tgz",
      "integrity": "sha512-Cat63mxsVJlzYvN51JmVXIgNoUokrIaT2zLclCXjRd8boZ0004U4KCs/sToJ75C6sdlByWxpYnb5Boif1VSFew=="
    },
    "tslib": {
      "version": "2.6.3",
      "resolved": "https://registry.npmjs.org/tslib/-/tslib-2.6.3.tgz",
      "integrity": "sha512-xNvxJEOUiWPGhUuUdQgAJPKOOJfGnIyKySOc09XkKsgdUV/3E2zvwZYdejjmRgPCgcym1juLH3226yA7sEFJKQ=="
    }
  }
}
